// !$*UTF8*$!
{
	archiveVersion = 1;
	classes = {
	};
	objectVersion = 56;
	objects = {

/* Begin PBXBuildFile section */
		E16F324C2C06EDDB007DD107 /* ProfileView.swift in Sources */ = {isa = PBXBuildFile; fileRef = E16F324B2C06EDDB007DD107 /* ProfileView.swift */; };
		E16F324E2C06F2E2007DD107 /* ProfileActionRowView.swift in Sources */ = {isa = PBXBuildFile; fileRef = E16F324D2C06F2E2007DD107 /* ProfileActionRowView.swift */; };
		E1B1245E2BFEEFB6005F02CD /* AirbnbCloneApp.swift in Sources */ = {isa = PBXBuildFile; fileRef = E1B1245D2BFEEFB6005F02CD /* AirbnbCloneApp.swift */; };
		E1B124602BFEEFB6005F02CD /* ContentView.swift in Sources */ = {isa = PBXBuildFile; fileRef = E1B1245F2BFEEFB6005F02CD /* ContentView.swift */; };
		E1B124622BFEEFB7005F02CD /* Assets.xcassets in Resources */ = {isa = PBXBuildFile; fileRef = E1B124612BFEEFB7005F02CD /* Assets.xcassets */; };
		E1B124652BFEEFB7005F02CD /* Preview Assets.xcassets in Resources */ = {isa = PBXBuildFile; fileRef = E1B124642BFEEFB7005F02CD /* Preview Assets.xcassets */; };
		E1B124782BFEF0D2005F02CD /* ExploreView.swift in Sources */ = {isa = PBXBuildFile; fileRef = E1B124772BFEF0D2005F02CD /* ExploreView.swift */; };
		E1B1247A2BFEF195005F02CD /* ListingItemView.swift in Sources */ = {isa = PBXBuildFile; fileRef = E1B124792BFEF195005F02CD /* ListingItemView.swift */; };
		E1B124892C02D771005F02CD /* SearchAndFilterBar.swift in Sources */ = {isa = PBXBuildFile; fileRef = E1B124882C02D771005F02CD /* SearchAndFilterBar.swift */; };
		E1B1248B2C02E312005F02CD /* ListingDetailView.swift in Sources */ = {isa = PBXBuildFile; fileRef = E1B1248A2C02E312005F02CD /* ListingDetailView.swift */; };
		E1B1248E2C02E3C6005F02CD /* ListingImageCarouselView.swift in Sources */ = {isa = PBXBuildFile; fileRef = E1B1248D2C02E3C6005F02CD /* ListingImageCarouselView.swift */; };
		E1EEFE892C0587BC0063F062 /* DestinationSearchView.swift in Sources */ = {isa = PBXBuildFile; fileRef = E1EEFE882C0587BC0063F062 /* DestinationSearchView.swift */; };
/* End PBXBuildFile section */

/* Begin PBXFileReference section */
		E16F324B2C06EDDB007DD107 /* ProfileView.swift */ = {isa = PBXFileReference; lastKnownFileType = sourcecode.swift; path = ProfileView.swift; sourceTree = "<group>"; };
		E16F324D2C06F2E2007DD107 /* ProfileActionRowView.swift */ = {isa = PBXFileReference; lastKnownFileType = sourcecode.swift; path = ProfileActionRowView.swift; sourceTree = "<group>"; };
		E1B1245A2BFEEFB6005F02CD /* AirbnbClone.app */ = {isa = PBXFileReference; explicitFileType = wrapper.application; includeInIndex = 0; path = AirbnbClone.app; sourceTree = BUILT_PRODUCTS_DIR; };
		E1B1245D2BFEEFB6005F02CD /* AirbnbCloneApp.swift */ = {isa = PBXFileReference; lastKnownFileType = sourcecode.swift; path = AirbnbCloneApp.swift; sourceTree = "<group>"; };
		E1B1245F2BFEEFB6005F02CD /* ContentView.swift */ = {isa = PBXFileReference; lastKnownFileType = sourcecode.swift; path = ContentView.swift; sourceTree = "<group>"; };
		E1B124612BFEEFB7005F02CD /* Assets.xcassets */ = {isa = PBXFileReference; lastKnownFileType = folder.assetcatalog; path = Assets.xcassets; sourceTree = "<group>"; };
		E1B124642BFEEFB7005F02CD /* Preview Assets.xcassets */ = {isa = PBXFileReference; lastKnownFileType = folder.assetcatalog; path = "Preview Assets.xcassets"; sourceTree = "<group>"; };
		E1B124772BFEF0D2005F02CD /* ExploreView.swift */ = {isa = PBXFileReference; lastKnownFileType = sourcecode.swift; path = ExploreView.swift; sourceTree = "<group>"; xcLanguageSpecificationIdentifier = xcode.lang.swift; };
		E1B124792BFEF195005F02CD /* ListingItemView.swift */ = {isa = PBXFileReference; lastKnownFileType = sourcecode.swift; path = ListingItemView.swift; sourceTree = "<group>"; };
		E1B124882C02D771005F02CD /* SearchAndFilterBar.swift */ = {isa = PBXFileReference; lastKnownFileType = sourcecode.swift; path = SearchAndFilterBar.swift; sourceTree = "<group>"; };
		E1B1248A2C02E312005F02CD /* ListingDetailView.swift */ = {isa = PBXFileReference; lastKnownFileType = sourcecode.swift; path = ListingDetailView.swift; sourceTree = "<group>"; };
		E1B1248D2C02E3C6005F02CD /* ListingImageCarouselView.swift */ = {isa = PBXFileReference; lastKnownFileType = sourcecode.swift; path = ListingImageCarouselView.swift; sourceTree = "<group>"; };
		E1EEFE882C0587BC0063F062 /* DestinationSearchView.swift */ = {isa = PBXFileReference; lastKnownFileType = sourcecode.swift; path = DestinationSearchView.swift; sourceTree = "<group>"; };
/* End PBXFileReference section */

/* Begin PBXFrameworksBuildPhase section */
		E1B124572BFEEFB6005F02CD /* Frameworks */ = {
			isa = PBXFrameworksBuildPhase;
			buildActionMask = 2147483647;
			files = (
			);
			runOnlyForDeploymentPostprocessing = 0;
		};
/* End PBXFrameworksBuildPhase section */

/* Begin PBXGroup section */
		E1B124512BFEEFB6005F02CD = {
			isa = PBXGroup;
			children = (
				E1B1245C2BFEEFB6005F02CD /* AirbnbClone */,
				E1B1245B2BFEEFB6005F02CD /* Products */,
			);
			sourceTree = "<group>";
		};
		E1B1245B2BFEEFB6005F02CD /* Products */ = {
			isa = PBXGroup;
			children = (
				E1B1245A2BFEEFB6005F02CD /* AirbnbClone.app */,
			);
			name = Products;
			sourceTree = "<group>";
		};
		E1B1245C2BFEEFB6005F02CD /* AirbnbClone */ = {
			isa = PBXGroup;
			children = (
				E1B1246B2BFEEFBA005F02CD /* App */,
				E1B1246C2BFEEFBF005F02CD /* Core */,
				E1B1246E2BFEEFC9005F02CD /* Extensions */,
				E1B1246D2BFEEFC5005F02CD /* Models */,
				E1B1246F2BFEF00B005F02CD /* Utils */,
				E1B1245F2BFEEFB6005F02CD /* ContentView.swift */,
				E1B124612BFEEFB7005F02CD /* Assets.xcassets */,
				E1B124632BFEEFB7005F02CD /* Preview Content */,
			);
			path = AirbnbClone;
			sourceTree = "<group>";
		};
		E1B124632BFEEFB7005F02CD /* Preview Content */ = {
			isa = PBXGroup;
			children = (
				E1B124642BFEEFB7005F02CD /* Preview Assets.xcassets */,
			);
			path = "Preview Content";
			sourceTree = "<group>";
		};
		E1B1246B2BFEEFBA005F02CD /* App */ = {
			isa = PBXGroup;
			children = (
				E1B1245D2BFEEFB6005F02CD /* AirbnbCloneApp.swift */,
			);
			path = App;
			sourceTree = "<group>";
		};
		E1B1246C2BFEEFBF005F02CD /* Core */ = {
			isa = PBXGroup;
			children = (
				E1B1248C2C02E3B4005F02CD /* Components */,
				E1B124702BFEF02F005F02CD /* Explore */,
				E1B124712BFEF03A005F02CD /* Listings */,
				E1B124722BFEF042005F02CD /* MapView */,
				E1B124762BFEF093005F02CD /* Profile */,
				E1B124752BFEF063005F02CD /* Root */,
				E1B124732BFEF04D005F02CD /* ToolBar */,
				E1B124742BFEF054005F02CD /* Wishlists */,
			);
			path = Core;
			sourceTree = "<group>";
		};
		E1B1246D2BFEEFC5005F02CD /* Models */ = {
			isa = PBXGroup;
			children = (
			);
			path = Models;
			sourceTree = "<group>";
		};
		E1B1246E2BFEEFC9005F02CD /* Extensions */ = {
			isa = PBXGroup;
			children = (
			);
			path = Extensions;
			sourceTree = "<group>";
		};
		E1B1246F2BFEF00B005F02CD /* Utils */ = {
			isa = PBXGroup;
			children = (
			);
			path = Utils;
			sourceTree = "<group>";
		};
		E1B124702BFEF02F005F02CD /* Explore */ = {
			isa = PBXGroup;
			children = (
				E1B124772BFEF0D2005F02CD /* ExploreView.swift */,
				E1B124882C02D771005F02CD /* SearchAndFilterBar.swift */,
				E1EEFE882C0587BC0063F062 /* DestinationSearchView.swift */,
			);
			path = Explore;
			sourceTree = "<group>";
		};
		E1B124712BFEF03A005F02CD /* Listings */ = {
			isa = PBXGroup;
			children = (
				E1B124792BFEF195005F02CD /* ListingItemView.swift */,
				E1B1248A2C02E312005F02CD /* ListingDetailView.swift */,
			);
			path = Listings;
			sourceTree = "<group>";
		};
		E1B124722BFEF042005F02CD /* MapView */ = {
			isa = PBXGroup;
			children = (
			);
			path = MapView;
			sourceTree = "<group>";
		};
		E1B124732BFEF04D005F02CD /* ToolBar */ = {
			isa = PBXGroup;
			children = (
			);
			path = ToolBar;
			sourceTree = "<group>";
		};
		E1B124742BFEF054005F02CD /* Wishlists */ = {
			isa = PBXGroup;
			children = (
			);
			path = Wishlists;
			sourceTree = "<group>";
		};
		E1B124752BFEF063005F02CD /* Root */ = {
			isa = PBXGroup;
			children = (
			);
			path = Root;
			sourceTree = "<group>";
		};
		E1B124762BFEF093005F02CD /* Profile */ = {
			isa = PBXGroup;
			children = (
				E16F324B2C06EDDB007DD107 /* ProfileView.swift */,
				E16F324D2C06F2E2007DD107 /* ProfileActionRowView.swift */,
			);
			path = Profile;
			sourceTree = "<group>";
		};
		E1B1248C2C02E3B4005F02CD /* Components */ = {
			isa = PBXGroup;
			children = (
				E1B1248D2C02E3C6005F02CD /* ListingImageCarouselView.swift */,
			);
			path = Components;
			sourceTree = "<group>";
		};
/* End PBXGroup section */

/* Begin PBXNativeTarget section */
		E1B124592BFEEFB6005F02CD /* AirbnbClone */ = {
			isa = PBXNativeTarget;
			buildConfigurationList = E1B124682BFEEFB7005F02CD /* Build configuration list for PBXNativeTarget "AirbnbClone" */;
			buildPhases = (
				E1B124562BFEEFB6005F02CD /* Sources */,
				E1B124572BFEEFB6005F02CD /* Frameworks */,
				E1B124582BFEEFB6005F02CD /* Resources */,
			);
			buildRules = (
			);
			dependencies = (
			);
			name = AirbnbClone;
			productName = AirbnbClone;
			productReference = E1B1245A2BFEEFB6005F02CD /* AirbnbClone.app */;
			productType = "com.apple.product-type.application";
		};
/* End PBXNativeTarget section */

/* Begin PBXProject section */
		E1B124522BFEEFB6005F02CD /* Project object */ = {
			isa = PBXProject;
			attributes = {
				BuildIndependentTargetsInParallel = 1;
				LastSwiftUpdateCheck = 1520;
				LastUpgradeCheck = 1520;
				TargetAttributes = {
					E1B124592BFEEFB6005F02CD = {
						CreatedOnToolsVersion = 15.2;
					};
				};
			};
			buildConfigurationList = E1B124552BFEEFB6005F02CD /* Build configuration list for PBXProject "AirbnbClone" */;
			compatibilityVersion = "Xcode 14.0";
			developmentRegion = en;
			hasScannedForEncodings = 0;
			knownRegions = (
				en,
				Base,
			);
			mainGroup = E1B124512BFEEFB6005F02CD;
			productRefGroup = E1B1245B2BFEEFB6005F02CD /* Products */;
			projectDirPath = "";
			projectRoot = "";
			targets = (
				E1B124592BFEEFB6005F02CD /* AirbnbClone */,
			);
		};
/* End PBXProject section */

/* Begin PBXResourcesBuildPhase section */
		E1B124582BFEEFB6005F02CD /* Resources */ = {
			isa = PBXResourcesBuildPhase;
			buildActionMask = 2147483647;
			files = (
				E1B124652BFEEFB7005F02CD /* Preview Assets.xcassets in Resources */,
				E1B124622BFEEFB7005F02CD /* Assets.xcassets in Resources */,
			);
			runOnlyForDeploymentPostprocessing = 0;
		};
/* End PBXResourcesBuildPhase section */

/* Begin PBXSourcesBuildPhase section */
		E1B124562BFEEFB6005F02CD /* Sources */ = {
			isa = PBXSourcesBuildPhase;
			buildActionMask = 2147483647;
			files = (
				E1B1248E2C02E3C6005F02CD /* ListingImageCarouselView.swift in Sources */,
				E16F324C2C06EDDB007DD107 /* ProfileView.swift in Sources */,
				E1EEFE892C0587BC0063F062 /* DestinationSearchView.swift in Sources */,
				E16F324E2C06F2E2007DD107 /* ProfileActionRowView.swift in Sources */,
				E1B124602BFEEFB6005F02CD /* ContentView.swift in Sources */,
				E1B1247A2BFEF195005F02CD /* ListingItemView.swift in Sources */,
				E1B124782BFEF0D2005F02CD /* ExploreView.swift in Sources */,
				E1B124892C02D771005F02CD /* SearchAndFilterBar.swift in Sources */,
				E1B1248B2C02E312005F02CD /* ListingDetailView.swift in Sources */,
				E1B1245E2BFEEFB6005F02CD /* AirbnbCloneApp.swift in Sources */,
			);
			runOnlyForDeploymentPostprocessing = 0;
		};
/* End PBXSourcesBuildPhase section */

/* Begin XCBuildConfiguration section */
		E1B124662BFEEFB7005F02CD /* Debug */ = {
			isa = XCBuildConfiguration;
			buildSettings = {
				ALWAYS_SEARCH_USER_PATHS = NO;
				ASSETCATALOG_COMPILER_GENERATE_SWIFT_ASSET_SYMBOL_EXTENSIONS = YES;
				CLANG_ANALYZER_NONNULL = YES;
				CLANG_ANALYZER_NUMBER_OBJECT_CONVERSION = YES_AGGRESSIVE;
				CLANG_CXX_LANGUAGE_STANDARD = "gnu++20";
				CLANG_ENABLE_MODULES = YES;
				CLANG_ENABLE_OBJC_ARC = YES;
				CLANG_ENABLE_OBJC_WEAK = YES;
				CLANG_WARN_BLOCK_CAPTURE_AUTORELEASING = YES;
				CLANG_WARN_BOOL_CONVERSION = YES;
				CLANG_WARN_COMMA = YES;
				CLANG_WARN_CONSTANT_CONVERSION = YES;
				CLANG_WARN_DEPRECATED_OBJC_IMPLEMENTATIONS = YES;
				CLANG_WARN_DIRECT_OBJC_ISA_USAGE = YES_ERROR;
				CLANG_WARN_DOCUMENTATION_COMMENTS = YES;
				CLANG_WARN_EMPTY_BODY = YES;
				CLANG_WARN_ENUM_CONVERSION = YES;
				CLANG_WARN_INFINITE_RECURSION = YES;
				CLANG_WARN_INT_CONVERSION = YES;
				CLANG_WARN_NON_LITERAL_NULL_CONVERSION = YES;
				CLANG_WARN_OBJC_IMPLICIT_RETAIN_SELF = YES;
				CLANG_WARN_OBJC_LITERAL_CONVERSION = YES;
				CLANG_WARN_OBJC_ROOT_CLASS = YES_ERROR;
				CLANG_WARN_QUOTED_INCLUDE_IN_FRAMEWORK_HEADER = YES;
				CLANG_WARN_RANGE_LOOP_ANALYSIS = YES;
				CLANG_WARN_STRICT_PROTOTYPES = YES;
				CLANG_WARN_SUSPICIOUS_MOVE = YES;
				CLANG_WARN_UNGUARDED_AVAILABILITY = YES_AGGRESSIVE;
				CLANG_WARN_UNREACHABLE_CODE = YES;
				CLANG_WARN__DUPLICATE_METHOD_MATCH = YES;
				COPY_PHASE_STRIP = NO;
				DEBUG_INFORMATION_FORMAT = dwarf;
				ENABLE_STRICT_OBJC_MSGSEND = YES;
				ENABLE_TESTABILITY = YES;
				ENABLE_USER_SCRIPT_SANDBOXING = YES;
				GCC_C_LANGUAGE_STANDARD = gnu17;
				GCC_DYNAMIC_NO_PIC = NO;
				GCC_NO_COMMON_BLOCKS = YES;
				GCC_OPTIMIZATION_LEVEL = 0;
				GCC_PREPROCESSOR_DEFINITIONS = (
					"DEBUG=1",
					"$(inherited)",
				);
				GCC_WARN_64_TO_32_BIT_CONVERSION = YES;
				GCC_WARN_ABOUT_RETURN_TYPE = YES_ERROR;
				GCC_WARN_UNDECLARED_SELECTOR = YES;
				GCC_WARN_UNINITIALIZED_AUTOS = YES_AGGRESSIVE;
				GCC_WARN_UNUSED_FUNCTION = YES;
				GCC_WARN_UNUSED_VARIABLE = YES;
				IPHONEOS_DEPLOYMENT_TARGET = 17.2;
				LOCALIZATION_PREFERS_STRING_CATALOGS = YES;
				MTL_ENABLE_DEBUG_INFO = INCLUDE_SOURCE;
				MTL_FAST_MATH = YES;
				ONLY_ACTIVE_ARCH = YES;
				SDKROOT = iphoneos;
				SWIFT_ACTIVE_COMPILATION_CONDITIONS = "DEBUG $(inherited)";
				SWIFT_OPTIMIZATION_LEVEL = "-Onone";
			};
			name = Debug;
		};
		E1B124672BFEEFB7005F02CD /* Release */ = {
			isa = XCBuildConfiguration;
			buildSettings = {
				ALWAYS_SEARCH_USER_PATHS = NO;
				ASSETCATALOG_COMPILER_GENERATE_SWIFT_ASSET_SYMBOL_EXTENSIONS = YES;
				CLANG_ANALYZER_NONNULL = YES;
				CLANG_ANALYZER_NUMBER_OBJECT_CONVERSION = YES_AGGRESSIVE;
				CLANG_CXX_LANGUAGE_STANDARD = "gnu++20";
				CLANG_ENABLE_MODULES = YES;
				CLANG_ENABLE_OBJC_ARC = YES;
				CLANG_ENABLE_OBJC_WEAK = YES;
				CLANG_WARN_BLOCK_CAPTURE_AUTORELEASING = YES;
				CLANG_WARN_BOOL_CONVERSION = YES;
				CLANG_WARN_COMMA = YES;
				CLANG_WARN_CONSTANT_CONVERSION = YES;
				CLANG_WARN_DEPRECATED_OBJC_IMPLEMENTATIONS = YES;
				CLANG_WARN_DIRECT_OBJC_ISA_USAGE = YES_ERROR;
				CLANG_WARN_DOCUMENTATION_COMMENTS = YES;
				CLANG_WARN_EMPTY_BODY = YES;
				CLANG_WARN_ENUM_CONVERSION = YES;
				CLANG_WARN_INFINITE_RECURSION = YES;
				CLANG_WARN_INT_CONVERSION = YES;
				CLANG_WARN_NON_LITERAL_NULL_CONVERSION = YES;
				CLANG_WARN_OBJC_IMPLICIT_RETAIN_SELF = YES;
				CLANG_WARN_OBJC_LITERAL_CONVERSION = YES;
				CLANG_WARN_OBJC_ROOT_CLASS = YES_ERROR;
				CLANG_WARN_QUOTED_INCLUDE_IN_FRAMEWORK_HEADER = YES;
				CLANG_WARN_RANGE_LOOP_ANALYSIS = YES;
				CLANG_WARN_STRICT_PROTOTYPES = YES;
				CLANG_WARN_SUSPICIOUS_MOVE = YES;
				CLANG_WARN_UNGUARDED_AVAILABILITY = YES_AGGRESSIVE;
				CLANG_WARN_UNREACHABLE_CODE = YES;
				CLANG_WARN__DUPLICATE_METHOD_MATCH = YES;
				COPY_PHASE_STRIP = NO;
				DEBUG_INFORMATION_FORMAT = "dwarf-with-dsym";
				ENABLE_NS_ASSERTIONS = NO;
				ENABLE_STRICT_OBJC_MSGSEND = YES;
				ENABLE_USER_SCRIPT_SANDBOXING = YES;
				GCC_C_LANGUAGE_STANDARD = gnu17;
				GCC_NO_COMMON_BLOCKS = YES;
				GCC_WARN_64_TO_32_BIT_CONVERSION = YES;
				GCC_WARN_ABOUT_RETURN_TYPE = YES_ERROR;
				GCC_WARN_UNDECLARED_SELECTOR = YES;
				GCC_WARN_UNINITIALIZED_AUTOS = YES_AGGRESSIVE;
				GCC_WARN_UNUSED_FUNCTION = YES;
				GCC_WARN_UNUSED_VARIABLE = YES;
				IPHONEOS_DEPLOYMENT_TARGET = 17.2;
				LOCALIZATION_PREFERS_STRING_CATALOGS = YES;
				MTL_ENABLE_DEBUG_INFO = NO;
				MTL_FAST_MATH = YES;
				SDKROOT = iphoneos;
				SWIFT_COMPILATION_MODE = wholemodule;
				VALIDATE_PRODUCT = YES;
			};
			name = Release;
		};
		E1B124692BFEEFB7005F02CD /* Debug */ = {
			isa = XCBuildConfiguration;
			buildSettings = {
				ASSETCATALOG_COMPILER_APPICON_NAME = AppIcon;
				ASSETCATALOG_COMPILER_GLOBAL_ACCENT_COLOR_NAME = AccentColor;
				CODE_SIGN_STYLE = Automatic;
				CURRENT_PROJECT_VERSION = 1;
				DEVELOPMENT_ASSET_PATHS = "\"AirbnbClone/Preview Content\"";
				DEVELOPMENT_TEAM = WUY822VN6L;
				ENABLE_PREVIEWS = YES;
				GENERATE_INFOPLIST_FILE = YES;
				INFOPLIST_KEY_UIApplicationSceneManifest_Generation = YES;
				INFOPLIST_KEY_UIApplicationSupportsIndirectInputEvents = YES;
				INFOPLIST_KEY_UILaunchScreen_Generation = YES;
				INFOPLIST_KEY_UISupportedInterfaceOrientations_iPad = "UIInterfaceOrientationPortrait UIInterfaceOrientationPortraitUpsideDown UIInterfaceOrientationLandscapeLeft UIInterfaceOrientationLandscapeRight";
				INFOPLIST_KEY_UISupportedInterfaceOrientations_iPhone = "UIInterfaceOrientationPortrait UIInterfaceOrientationLandscapeLeft UIInterfaceOrientationLandscapeRight";
				LD_RUNPATH_SEARCH_PATHS = (
					"$(inherited)",
					"@executable_path/Frameworks",
				);
				MARKETING_VERSION = 1.0;
				PRODUCT_BUNDLE_IDENTIFIER = com.amariano.AirbnbClone;
				PRODUCT_NAME = "$(TARGET_NAME)";
				SWIFT_EMIT_LOC_STRINGS = YES;
				SWIFT_VERSION = 5.0;
				TARGETED_DEVICE_FAMILY = "1,2";
			};
			name = Debug;
		};
		E1B1246A2BFEEFB7005F02CD /* Release */ = {
			isa = XCBuildConfiguration;
			buildSettings = {
				ASSETCATALOG_COMPILER_APPICON_NAME = AppIcon;
				ASSETCATALOG_COMPILER_GLOBAL_ACCENT_COLOR_NAME = AccentColor;
				CODE_SIGN_STYLE = Automatic;
				CURRENT_PROJECT_VERSION = 1;
				DEVELOPMENT_ASSET_PATHS = "\"AirbnbClone/Preview Content\"";
				DEVELOPMENT_TEAM = WUY822VN6L;
				ENABLE_PREVIEWS = YES;
				GENERATE_INFOPLIST_FILE = YES;
				INFOPLIST_KEY_UIApplicationSceneManifest_Generation = YES;
				INFOPLIST_KEY_UIApplicationSupportsIndirectInputEvents = YES;
				INFOPLIST_KEY_UILaunchScreen_Generation = YES;
				INFOPLIST_KEY_UISupportedInterfaceOrientations_iPad = "UIInterfaceOrientationPortrait UIInterfaceOrientationPortraitUpsideDown UIInterfaceOrientationLandscapeLeft UIInterfaceOrientationLandscapeRight";
				INFOPLIST_KEY_UISupportedInterfaceOrientations_iPhone = "UIInterfaceOrientationPortrait UIInterfaceOrientationLandscapeLeft UIInterfaceOrientationLandscapeRight";
				LD_RUNPATH_SEARCH_PATHS = (
					"$(inherited)",
					"@executable_path/Frameworks",
				);
				MARKETING_VERSION = 1.0;
				PRODUCT_BUNDLE_IDENTIFIER = com.amariano.AirbnbClone;
				PRODUCT_NAME = "$(TARGET_NAME)";
				SWIFT_EMIT_LOC_STRINGS = YES;
				SWIFT_VERSION = 5.0;
				TARGETED_DEVICE_FAMILY = "1,2";
			};
			name = Release;
		};
/* End XCBuildConfiguration section */

/* Begin XCConfigurationList section */
		E1B124552BFEEFB6005F02CD /* Build configuration list for PBXProject "AirbnbClone" */ = {
			isa = XCConfigurationList;
			buildConfigurations = (
				E1B124662BFEEFB7005F02CD /* Debug */,
				E1B124672BFEEFB7005F02CD /* Release */,
			);
			defaultConfigurationIsVisible = 0;
			defaultConfigurationName = Release;
		};
		E1B124682BFEEFB7005F02CD /* Build configuration list for PBXNativeTarget "AirbnbClone" */ = {
			isa = XCConfigurationList;
			buildConfigurations = (
				E1B124692BFEEFB7005F02CD /* Debug */,
				E1B1246A2BFEEFB7005F02CD /* Release */,
			);
			defaultConfigurationIsVisible = 0;
			defaultConfigurationName = Release;
		};
/* End XCConfigurationList section */
	};
	rootObject = E1B124522BFEEFB6005F02CD /* Project object */;
}
